
Microsoft Visual Studio Solution File, Format Version 12.00
# Visual Studio Version 16
VisualStudioVersion = 16.0.31424.327
MinimumVisualStudioVersion = 10.0.40219.1
Project("{FAE04EC0-301F-11D3-BF4B-00C04F79EFBC}") = "Neighbor Otter", "Neighbor Otter.csproj", "{31541CC0-2C79-41DB-9402-F44F6181F586}"
EndProject
Global
	GlobalSection(SolutionConfigurationPlatforms) = preSolution
		Debug|Any CPU = Debug|Any CPU
		Release|Any CPU = Release|Any CPU
	EndGlobalSection
	GlobalSection(ProjectConfigurationPlatforms) = postSolution
		{31541CC0-2C79-41DB-9402-F44F6181F586}.Debug|Any CPU.ActiveCfg = Debug|Any CPU
		{31541CC0-2C79-41DB-9402-F44F6181F586}.Debug|Any CPU.Build.0 = Debug|Any CPU
		{31541CC0-2C79-41DB-9402-F44F6181F586}.Release|Any CPU.ActiveCfg = Release|Any CPU
		{31541CC0-2C79-41DB-9402-F44F6181F586}.Release|Any CPU.Build.0 = Release|Any CPU
	EndGlobalSection
	GlobalSection(SolutionProperties) = preSolution
		HideSolutionNode = FALSE
	EndGlobalSection
	GlobalSection(ExtensibilityGlobals) = postSolution
		SolutionGuid = {1FD853BE-76C1-4BF3-978E-D834526FE665}
	EndGlobalSection
EndGlobal
